
Microsoft Visual Studio Solution File, Format Version 12.00
# Visual Studio 15
VisualStudioVersion = 15.0.27703.2042
MinimumVisualStudioVersion = 10.0.40219.1
Project("{FAE04EC0-301F-11D3-BF4B-00C04F79EFBC}") = "Authentication", "Authentication\Authentication.csproj", "{54F8402C-AFE3-4EAA-8F18-4F00A6AB92F5}"
EndProject
Global
	GlobalSection(SolutionConfigurationPlatforms) = preSolution
		Debug|Any CPU = Debug|Any CPU
		Release|Any CPU = Release|Any CPU
	EndGlobalSection
	GlobalSection(ProjectConfigurationPlatforms) = postSolution
		{54F8402C-AFE3-4EAA-8F18-4F00A6AB92F5}.Debug|Any CPU.ActiveCfg = Debug|Any CPU
		{54F8402C-AFE3-4EAA-8F18-4F00A6AB92F5}.Debug|Any CPU.Build.0 = Debug|Any CPU
		{54F8402C-AFE3-4EAA-8F18-4F00A6AB92F5}.Release|Any CPU.ActiveCfg = Release|Any CPU
		{54F8402C-AFE3-4EAA-8F18-4F00A6AB92F5}.Release|Any CPU.Build.0 = Release|Any CPU
	EndGlobalSection
	GlobalSection(SolutionProperties) = preSolution
		HideSolutionNode = FALSE
	EndGlobalSection
	GlobalSection(ExtensibilityGlobals) = postSolution
		SolutionGuid = {8B32C7EF-555F-4350-8DBF-3A9D38D4A1A5}
	EndGlobalSection
EndGlobal
